{
  "object": {
    "pins": [
      {
        "package": "MunkiFacts",
        "repositoryURL": "https://github.com/joncrain/MunkiFacts-Swift",
        "state": {
          "branch": null,
          "revision": "c6af13e08a8a28a65cec1b129fa0572c32289778",
          "version": "0.0.1"
        }
      }
    ]
  },
  "version": 1
}
